// !$*UTF8*$!
{
	archiveVersion = 1;
	classes = {
	};
	objectVersion = 77;
	objects = {

/* Begin PBXContainerItemProxy section */
		DB50B6292D2A7768008EB3B3 /* PBXContainerItemProxy */ = {
			isa = PBXContainerItemProxy;
			containerPortal = DB50B6102D2A7767008EB3B3 /* Project object */;
			proxyType = 1;
			remoteGlobalIDString = DB50B6172D2A7767008EB3B3;
			remoteInfo = SP6;
		};
		DB50B6332D2A7769008EB3B3 /* PBXContainerItemProxy */ = {
			isa = PBXContainerItemProxy;
			containerPortal = DB50B6102D2A7767008EB3B3 /* Project object */;
			proxyType = 1;
			remoteGlobalIDString = DB50B6172D2A7767008EB3B3;
			remoteInfo = SP6;
		};
/* End PBXContainerItemProxy section */

/* Begin PBXFileReference section */
		DB50B6182D2A7768008EB3B3 /* SP6.app */ = {isa = PBXFileReference; explicitFileType = wrapper.application; includeInIndex = 0; path = SP6.app; sourceTree = BUILT_PRODUCTS_DIR; };
		DB50B6282D2A7768008EB3B3 /* SP6Tests.xctest */ = {isa = PBXFileReference; explicitFileType = wrapper.cfbundle; includeInIndex = 0; path = SP6Tests.xctest; sourceTree = BUILT_PRODUCTS_DIR; };
		DB50B6322D2A7769008EB3B3 /* SP6UITests.xctest */ = {isa = PBXFileReference; explicitFileType = wrapper.cfbundle; includeInIndex = 0; path = SP6UITests.xctest; sourceTree = BUILT_PRODUCTS_DIR; };
/* End PBXFileReference section */

/* Begin PBXFileSystemSynchronizedRootGroup section */
		DB50B61A2D2A7768008EB3B3 /* SP6 */ = {
			isa = PBXFileSystemSynchronizedRootGroup;
			path = SP6;
			sourceTree = "<group>";
		};
		DB50B62B2D2A7768008EB3B3 /* SP6Tests */ = {
			isa = PBXFileSystemSynchronizedRootGroup;
			path = SP6Tests;
			sourceTree = "<group>";
		};
		DB50B6352D2A7769008EB3B3 /* SP6UITests */ = {
			isa = PBXFileSystemSynchronizedRootGroup;
			path = SP6UITests;
			sourceTree = "<group>";
		};
/* End PBXFileSystemSynchronizedRootGroup section */

/* Begin PBXFrameworksBuildPhase section */
		DB50B6152D2A7767008EB3B3 /* Frameworks */ = {
			isa = PBXFrameworksBuildPhase;
			buildActionMask = 2147483647;
			files = (
			);
			runOnlyForDeploymentPostprocessing = 0;
		};
		DB50B6252D2A7768008EB3B3 /* Frameworks */ = {
			isa = PBXFrameworksBuildPhase;
			buildActionMask = 2147483647;
			files = (
			);
			runOnlyForDeploymentPostprocessing = 0;
		};
		DB50B62F2D2A7768008EB3B3 /* Frameworks */ = {
			isa = PBXFrameworksBuildPhase;
			buildActionMask = 2147483647;
			files = (
			);
			runOnlyForDeploymentPostprocessing = 0;
		};
/* End PBXFrameworksBuildPhase section */

/* Begin PBXGroup section */
		DB50B60F2D2A7767008EB3B3 = {
			isa = PBXGroup;
			children = (
				DB50B61A2D2A7768008EB3B3 /* SP6 */,
				DB50B62B2D2A7768008EB3B3 /* SP6Tests */,
				DB50B6352D2A7769008EB3B3 /* SP6UITests */,
				DB50B6192D2A7768008EB3B3 /* Products */,
			);
			sourceTree = "<group>";
		};
		DB50B6192D2A7768008EB3B3 /* Products */ = {
			isa = PBXGroup;
			children = (
				DB50B6182D2A7768008EB3B3 /* SP6.app */,
				DB50B6282D2A7768008EB3B3 /* SP6Tests.xctest */,
				DB50B6322D2A7769008EB3B3 /* SP6UITests.xctest */,
			);
			name = Products;
			sourceTree = "<group>";
		};
/* End PBXGroup section */

/* Begin PBXNativeTarget section */
		DB50B6172D2A7767008EB3B3 /* SP6 */ = {
			isa = PBXNativeTarget;
			buildConfigurationList = DB50B63C2D2A7769008EB3B3 /* Build configuration list for PBXNativeTarget "SP6" */;
			buildPhases = (
				DB50B6142D2A7767008EB3B3 /* Sources */,
				DB50B6152D2A7767008EB3B3 /* Frameworks */,
				DB50B6162D2A7767008EB3B3 /* Resources */,
			);
			buildRules = (
			);
			dependencies = (
			);
			fileSystemSynchronizedGroups = (
				DB50B61A2D2A7768008EB3B3 /* SP6 */,
			);
			name = SP6;
			packageProductDependencies = (
			);
			productName = SP6;
			productReference = DB50B6182D2A7768008EB3B3 /* SP6.app */;
			productType = "com.apple.product-type.application";
		};
		DB50B6272D2A7768008EB3B3 /* SP6Tests */ = {
			isa = PBXNativeTarget;
			buildConfigurationList = DB50B63F2D2A7769008EB3B3 /* Build configuration list for PBXNativeTarget "SP6Tests" */;
			buildPhases = (
				DB50B6242D2A7768008EB3B3 /* Sources */,
				DB50B6252D2A7768008EB3B3 /* Frameworks */,
				DB50B6262D2A7768008EB3B3 /* Resources */,
			);
			buildRules = (
			);
			dependencies = (
				DB50B62A2D2A7768008EB3B3 /* PBXTargetDependency */,
			);
			fileSystemSynchronizedGroups = (
				DB50B62B2D2A7768008EB3B3 /* SP6Tests */,
			);
			name = SP6Tests;
			packageProductDependencies = (
			);
			productName = SP6Tests;
			productReference = DB50B6282D2A7768008EB3B3 /* SP6Tests.xctest */;
			productType = "com.apple.product-type.bundle.unit-test";
		};
		DB50B6312D2A7768008EB3B3 /* SP6UITests */ = {
			isa = PBXNativeTarget;
			buildConfigurationList = DB50B6422D2A7769008EB3B3 /* Build configuration list for PBXNativeTarget "SP6UITests" */;
			buildPhases = (
				DB50B62E2D2A7768008EB3B3 /* Sources */,
				DB50B62F2D2A7768008EB3B3 /* Frameworks */,
				DB50B6302D2A7768008EB3B3 /* Resources */,
			);
			buildRules = (
			);
			dependencies = (
				DB50B6342D2A7769008EB3B3 /* PBXTargetDependency */,
			);
			fileSystemSynchronizedGroups = (
				DB50B6352D2A7769008EB3B3 /* SP6UITests */,
			);
			name = SP6UITests;
			packageProductDependencies = (
			);
			productName = SP6UITests;
			productReference = DB50B6322D2A7769008EB3B3 /* SP6UITests.xctest */;
			productType = "com.apple.product-type.bundle.ui-testing";
		};
/* End PBXNativeTarget section */

/* Begin PBXProject section */
		DB50B6102D2A7767008EB3B3 /* Project object */ = {
			isa = PBXProject;
			attributes = {
				BuildIndependentTargetsInParallel = 1;
				LastSwiftUpdateCheck = 1620;
				LastUpgradeCheck = 1620;
				TargetAttributes = {
					DB50B6172D2A7767008EB3B3 = {
						CreatedOnToolsVersion = 16.2;
					};
					DB50B6272D2A7768008EB3B3 = {
						CreatedOnToolsVersion = 16.2;
						TestTargetID = DB50B6172D2A7767008EB3B3;
					};
					DB50B6312D2A7768008EB3B3 = {
						CreatedOnToolsVersion = 16.2;
						TestTargetID = DB50B6172D2A7767008EB3B3;
					};
				};
			};
			buildConfigurationList = DB50B6132D2A7767008EB3B3 /* Build configuration list for PBXProject "SP6" */;
			developmentRegion = en;
			hasScannedForEncodings = 0;
			knownRegions = (
				en,
				Base,
			);
			mainGroup = DB50B60F2D2A7767008EB3B3;
			minimizedProjectReferenceProxies = 1;
			preferredProjectObjectVersion = 77;
			productRefGroup = DB50B6192D2A7768008EB3B3 /* Products */;
			projectDirPath = "";
			projectRoot = "";
			targets = (
				DB50B6172D2A7767008EB3B3 /* SP6 */,
				DB50B6272D2A7768008EB3B3 /* SP6Tests */,
				DB50B6312D2A7768008EB3B3 /* SP6UITests */,
			);
		};
/* End PBXProject section */

/* Begin PBXResourcesBuildPhase section */
		DB50B6162D2A7767008EB3B3 /* Resources */ = {
			isa = PBXResourcesBuildPhase;
			buildActionMask = 2147483647;
			files = (
			);
			runOnlyForDeploymentPostprocessing = 0;
		};
		DB50B6262D2A7768008EB3B3 /* Resources */ = {
			isa = PBXResourcesBuildPhase;
			buildActionMask = 2147483647;
			files = (
			);
			runOnlyForDeploymentPostprocessing = 0;
		};
		DB50B6302D2A7768008EB3B3 /* Resources */ = {
			isa = PBXResourcesBuildPhase;
			buildActionMask = 2147483647;
			files = (
			);
			runOnlyForDeploymentPostprocessing = 0;
		};
/* End PBXResourcesBuildPhase section */

/* Begin PBXSourcesBuildPhase section */
		DB50B6142D2A7767008EB3B3 /* Sources */ = {
			isa = PBXSourcesBuildPhase;
			buildActionMask = 2147483647;
			files = (
			);
			runOnlyForDeploymentPostprocessing = 0;
		};
		DB50B6242D2A7768008EB3B3 /* Sources */ = {
			isa = PBXSourcesBuildPhase;
			buildActionMask = 2147483647;
			files = (
			);
			runOnlyForDeploymentPostprocessing = 0;
		};
		DB50B62E2D2A7768008EB3B3 /* Sources */ = {
			isa = PBXSourcesBuildPhase;
			buildActionMask = 2147483647;
			files = (
			);
			runOnlyForDeploymentPostprocessing = 0;
		};
/* End PBXSourcesBuildPhase section */

/* Begin PBXTargetDependency section */
		DB50B62A2D2A7768008EB3B3 /* PBXTargetDependency */ = {
			isa = PBXTargetDependency;
			target = DB50B6172D2A7767008EB3B3 /* SP6 */;
			targetProxy = DB50B6292D2A7768008EB3B3 /* PBXContainerItemProxy */;
		};
		DB50B6342D2A7769008EB3B3 /* PBXTargetDependency */ = {
			isa = PBXTargetDependency;
			target = DB50B6172D2A7767008EB3B3 /* SP6 */;
			targetProxy = DB50B6332D2A7769008EB3B3 /* PBXContainerItemProxy */;
		};
/* End PBXTargetDependency section */

/* Begin XCBuildConfiguration section */
		DB50B63A2D2A7769008EB3B3 /* Debug */ = {
			isa = XCBuildConfiguration;
			buildSettings = {
				ALWAYS_SEARCH_USER_PATHS = NO;
				ASSETCATALOG_COMPILER_GENERATE_SWIFT_ASSET_SYMBOL_EXTENSIONS = YES;
				CLANG_ANALYZER_NONNULL = YES;
				CLANG_ANALYZER_NUMBER_OBJECT_CONVERSION = YES_AGGRESSIVE;
				CLANG_CXX_LANGUAGE_STANDARD = "gnu++20";
				CLANG_ENABLE_MODULES = YES;
				CLANG_ENABLE_OBJC_ARC = YES;
				CLANG_ENABLE_OBJC_WEAK = YES;
				CLANG_WARN_BLOCK_CAPTURE_AUTORELEASING = YES;
				CLANG_WARN_BOOL_CONVERSION = YES;
				CLANG_WARN_COMMA = YES;
				CLANG_WARN_CONSTANT_CONVERSION = YES;
				CLANG_WARN_DEPRECATED_OBJC_IMPLEMENTATIONS = YES;
				CLANG_WARN_DIRECT_OBJC_ISA_USAGE = YES_ERROR;
				CLANG_WARN_DOCUMENTATION_COMMENTS = YES;
				CLANG_WARN_EMPTY_BODY = YES;
				CLANG_WARN_ENUM_CONVERSION = YES;
				CLANG_WARN_INFINITE_RECURSION = YES;
				CLANG_WARN_INT_CONVERSION = YES;
				CLANG_WARN_NON_LITERAL_NULL_CONVERSION = YES;
				CLANG_WARN_OBJC_IMPLICIT_RETAIN_SELF = YES;
				CLANG_WARN_OBJC_LITERAL_CONVERSION = YES;
				CLANG_WARN_OBJC_ROOT_CLASS = YES_ERROR;
				CLANG_WARN_QUOTED_INCLUDE_IN_FRAMEWORK_HEADER = YES;
				CLANG_WARN_RANGE_LOOP_ANALYSIS = YES;
				CLANG_WARN_STRICT_PROTOTYPES = YES;
				CLANG_WARN_SUSPICIOUS_MOVE = YES;
				CLANG_WARN_UNGUARDED_AVAILABILITY = YES_AGGRESSIVE;
				CLANG_WARN_UNREACHABLE_CODE = YES;
				CLANG_WARN__DUPLICATE_METHOD_MATCH = YES;
				COPY_PHASE_STRIP = NO;
				DEBUG_INFORMATION_FORMAT = dwarf;
				ENABLE_STRICT_OBJC_MSGSEND = YES;
				ENABLE_TESTABILITY = YES;
				ENABLE_USER_SCRIPT_SANDBOXING = YES;
				GCC_C_LANGUAGE_STANDARD = gnu17;
				GCC_DYNAMIC_NO_PIC = NO;
				GCC_NO_COMMON_BLOCKS = YES;
				GCC_OPTIMIZATION_LEVEL = 0;
				GCC_PREPROCESSOR_DEFINITIONS = (
					"DEBUG=1",
					"$(inherited)",
				);
				GCC_WARN_64_TO_32_BIT_CONVERSION = YES;
				GCC_WARN_ABOUT_RETURN_TYPE = YES_ERROR;
				GCC_WARN_UNDECLARED_SELECTOR = YES;
				GCC_WARN_UNINITIALIZED_AUTOS = YES_AGGRESSIVE;
				GCC_WARN_UNUSED_FUNCTION = YES;
				GCC_WARN_UNUSED_VARIABLE = YES;
				IPHONEOS_DEPLOYMENT_TARGET = 18.2;
				LOCALIZATION_PREFERS_STRING_CATALOGS = YES;
				MTL_ENABLE_DEBUG_INFO = INCLUDE_SOURCE;
				MTL_FAST_MATH = YES;
				ONLY_ACTIVE_ARCH = YES;
				SDKROOT = iphoneos;
				SWIFT_ACTIVE_COMPILATION_CONDITIONS = "DEBUG $(inherited)";
				SWIFT_OPTIMIZATION_LEVEL = "-Onone";
			};
			name = Debug;
		};
		DB50B63B2D2A7769008EB3B3 /* Release */ = {
			isa = XCBuildConfiguration;
			buildSettings = {
				ALWAYS_SEARCH_USER_PATHS = NO;
				ASSETCATALOG_COMPILER_GENERATE_SWIFT_ASSET_SYMBOL_EXTENSIONS = YES;
				CLANG_ANALYZER_NONNULL = YES;
				CLANG_ANALYZER_NUMBER_OBJECT_CONVERSION = YES_AGGRESSIVE;
				CLANG_CXX_LANGUAGE_STANDARD = "gnu++20";
				CLANG_ENABLE_MODULES = YES;
				CLANG_ENABLE_OBJC_ARC = YES;
				CLANG_ENABLE_OBJC_WEAK = YES;
				CLANG_WARN_BLOCK_CAPTURE_AUTORELEASING = YES;
				CLANG_WARN_BOOL_CONVERSION = YES;
				CLANG_WARN_COMMA = YES;
				CLANG_WARN_CONSTANT_CONVERSION = YES;
				CLANG_WARN_DEPRECATED_OBJC_IMPLEMENTATIONS = YES;
				CLANG_WARN_DIRECT_OBJC_ISA_USAGE = YES_ERROR;
				CLANG_WARN_DOCUMENTATION_COMMENTS = YES;
				CLANG_WARN_EMPTY_BODY = YES;
				CLANG_WARN_ENUM_CONVERSION = YES;
				CLANG_WARN_INFINITE_RECURSION = YES;
				CLANG_WARN_INT_CONVERSION = YES;
				CLANG_WARN_NON_LITERAL_NULL_CONVERSION = YES;
				CLANG_WARN_OBJC_IMPLICIT_RETAIN_SELF = YES;
				CLANG_WARN_OBJC_LITERAL_CONVERSION = YES;
				CLANG_WARN_OBJC_ROOT_CLASS = YES_ERROR;
				CLANG_WARN_QUOTED_INCLUDE_IN_FRAMEWORK_HEADER = YES;
				CLANG_WARN_RANGE_LOOP_ANALYSIS = YES;
				CLANG_WARN_STRICT_PROTOTYPES = YES;
				CLANG_WARN_SUSPICIOUS_MOVE = YES;
				CLANG_WARN_UNGUARDED_AVAILABILITY = YES_AGGRESSIVE;
				CLANG_WARN_UNREACHABLE_CODE = YES;
				CLANG_WARN__DUPLICATE_METHOD_MATCH = YES;
				COPY_PHASE_STRIP = NO;
				DEBUG_INFORMATION_FORMAT = "dwarf-with-dsym";
				ENABLE_NS_ASSERTIONS = NO;
				ENABLE_STRICT_OBJC_MSGSEND = YES;
				ENABLE_USER_SCRIPT_SANDBOXING = YES;
				GCC_C_LANGUAGE_STANDARD = gnu17;
				GCC_NO_COMMON_BLOCKS = YES;
				GCC_WARN_64_TO_32_BIT_CONVERSION = YES;
				GCC_WARN_ABOUT_RETURN_TYPE = YES_ERROR;
				GCC_WARN_UNDECLARED_SELECTOR = YES;
				GCC_WARN_UNINITIALIZED_AUTOS = YES_AGGRESSIVE;
				GCC_WARN_UNUSED_FUNCTION = YES;
				GCC_WARN_UNUSED_VARIABLE = YES;
				IPHONEOS_DEPLOYMENT_TARGET = 18.2;
				LOCALIZATION_PREFERS_STRING_CATALOGS = YES;
				MTL_ENABLE_DEBUG_INFO = NO;
				MTL_FAST_MATH = YES;
				SDKROOT = iphoneos;
				SWIFT_COMPILATION_MODE = wholemodule;
				VALIDATE_PRODUCT = YES;
			};
			name = Release;
		};
		DB50B63D2D2A7769008EB3B3 /* Debug */ = {
			isa = XCBuildConfiguration;
			buildSettings = {
				ASSETCATALOG_COMPILER_APPICON_NAME = AppIcon;
				ASSETCATALOG_COMPILER_GLOBAL_ACCENT_COLOR_NAME = AccentColor;
				CODE_SIGN_STYLE = Automatic;
				CURRENT_PROJECT_VERSION = 1;
				DEVELOPMENT_ASSET_PATHS = "\"SP6/Preview Content\"";
				DEVELOPMENT_TEAM = 438T7YBU9N;
				ENABLE_PREVIEWS = YES;
				GENERATE_INFOPLIST_FILE = YES;
				INFOPLIST_KEY_UIApplicationSceneManifest_Generation = YES;
				INFOPLIST_KEY_UIApplicationSupportsIndirectInputEvents = YES;
				INFOPLIST_KEY_UILaunchScreen_Generation = YES;
				INFOPLIST_KEY_UISupportedInterfaceOrientations_iPad = "UIInterfaceOrientationPortrait UIInterfaceOrientationPortraitUpsideDown UIInterfaceOrientationLandscapeLeft UIInterfaceOrientationLandscapeRight";
				INFOPLIST_KEY_UISupportedInterfaceOrientations_iPhone = "UIInterfaceOrientationPortrait UIInterfaceOrientationLandscapeLeft UIInterfaceOrientationLandscapeRight";
				LD_RUNPATH_SEARCH_PATHS = (
					"$(inherited)",
					"@executable_path/Frameworks",
				);
				MARKETING_VERSION = 1.0;
				PRODUCT_BUNDLE_IDENTIFIER = e.mikhaylov.SP6;
				PRODUCT_NAME = "$(TARGET_NAME)";
				SWIFT_EMIT_LOC_STRINGS = YES;
				SWIFT_VERSION = 5.0;
				TARGETED_DEVICE_FAMILY = "1,2";
			};
			name = Debug;
		};
		DB50B63E2D2A7769008EB3B3 /* Release */ = {
			isa = XCBuildConfiguration;
			buildSettings = {
				ASSETCATALOG_COMPILER_APPICON_NAME = AppIcon;
				ASSETCATALOG_COMPILER_GLOBAL_ACCENT_COLOR_NAME = AccentColor;
				CODE_SIGN_STYLE = Automatic;
				CURRENT_PROJECT_VERSION = 1;
				DEVELOPMENT_ASSET_PATHS = "\"SP6/Preview Content\"";
				DEVELOPMENT_TEAM = 438T7YBU9N;
				ENABLE_PREVIEWS = YES;
				GENERATE_INFOPLIST_FILE = YES;
				INFOPLIST_KEY_UIApplicationSceneManifest_Generation = YES;
				INFOPLIST_KEY_UIApplicationSupportsIndirectInputEvents = YES;
				INFOPLIST_KEY_UILaunchScreen_Generation = YES;
				INFOPLIST_KEY_UISupportedInterfaceOrientations_iPad = "UIInterfaceOrientationPortrait UIInterfaceOrientationPortraitUpsideDown UIInterfaceOrientationLandscapeLeft UIInterfaceOrientationLandscapeRight";
				INFOPLIST_KEY_UISupportedInterfaceOrientations_iPhone = "UIInterfaceOrientationPortrait UIInterfaceOrientationLandscapeLeft UIInterfaceOrientationLandscapeRight";
				LD_RUNPATH_SEARCH_PATHS = (
					"$(inherited)",
					"@executable_path/Frameworks",
				);
				MARKETING_VERSION = 1.0;
				PRODUCT_BUNDLE_IDENTIFIER = e.mikhaylov.SP6;
				PRODUCT_NAME = "$(TARGET_NAME)";
				SWIFT_EMIT_LOC_STRINGS = YES;
				SWIFT_VERSION = 5.0;
				TARGETED_DEVICE_FAMILY = "1,2";
			};
			name = Release;
		};
		DB50B6402D2A7769008EB3B3 /* Debug */ = {
			isa = XCBuildConfiguration;
			buildSettings = {
				BUNDLE_LOADER = "$(TEST_HOST)";
				CODE_SIGN_STYLE = Automatic;
				CURRENT_PROJECT_VERSION = 1;
				DEVELOPMENT_TEAM = 438T7YBU9N;
				GENERATE_INFOPLIST_FILE = YES;
				IPHONEOS_DEPLOYMENT_TARGET = 18.2;
				MARKETING_VERSION = 1.0;
				PRODUCT_BUNDLE_IDENTIFIER = e.mikhaylov.SP6Tests;
				PRODUCT_NAME = "$(TARGET_NAME)";
				SWIFT_EMIT_LOC_STRINGS = NO;
				SWIFT_VERSION = 5.0;
				TARGETED_DEVICE_FAMILY = "1,2";
				TEST_HOST = "$(BUILT_PRODUCTS_DIR)/SP6.app/$(BUNDLE_EXECUTABLE_FOLDER_PATH)/SP6";
			};
			name = Debug;
		};
		DB50B6412D2A7769008EB3B3 /* Release */ = {
			isa = XCBuildConfiguration;
			buildSettings = {
				BUNDLE_LOADER = "$(TEST_HOST)";
				CODE_SIGN_STYLE = Automatic;
				CURRENT_PROJECT_VERSION = 1;
				DEVELOPMENT_TEAM = 438T7YBU9N;
				GENERATE_INFOPLIST_FILE = YES;
				IPHONEOS_DEPLOYMENT_TARGET = 18.2;
				MARKETING_VERSION = 1.0;
				PRODUCT_BUNDLE_IDENTIFIER = e.mikhaylov.SP6Tests;
				PRODUCT_NAME = "$(TARGET_NAME)";
				SWIFT_EMIT_LOC_STRINGS = NO;
				SWIFT_VERSION = 5.0;
				TARGETED_DEVICE_FAMILY = "1,2";
				TEST_HOST = "$(BUILT_PRODUCTS_DIR)/SP6.app/$(BUNDLE_EXECUTABLE_FOLDER_PATH)/SP6";
			};
			name = Release;
		};
		DB50B6432D2A7769008EB3B3 /* Debug */ = {
			isa = XCBuildConfiguration;
			buildSettings = {
				CODE_SIGN_STYLE = Automatic;
				CURRENT_PROJECT_VERSION = 1;
				DEVELOPMENT_TEAM = 438T7YBU9N;
				GENERATE_INFOPLIST_FILE = YES;
				MARKETING_VERSION = 1.0;
				PRODUCT_BUNDLE_IDENTIFIER = e.mikhaylov.SP6UITests;
				PRODUCT_NAME = "$(TARGET_NAME)";
				SWIFT_EMIT_LOC_STRINGS = NO;
				SWIFT_VERSION = 5.0;
				TARGETED_DEVICE_FAMILY = "1,2";
				TEST_TARGET_NAME = SP6;
			};
			name = Debug;
		};
		DB50B6442D2A7769008EB3B3 /* Release */ = {
			isa = XCBuildConfiguration;
			buildSettings = {
				CODE_SIGN_STYLE = Automatic;
				CURRENT_PROJECT_VERSION = 1;
				DEVELOPMENT_TEAM = 438T7YBU9N;
				GENERATE_INFOPLIST_FILE = YES;
				MARKETING_VERSION = 1.0;
				PRODUCT_BUNDLE_IDENTIFIER = e.mikhaylov.SP6UITests;
				PRODUCT_NAME = "$(TARGET_NAME)";
				SWIFT_EMIT_LOC_STRINGS = NO;
				SWIFT_VERSION = 5.0;
				TARGETED_DEVICE_FAMILY = "1,2";
				TEST_TARGET_NAME = SP6;
			};
			name = Release;
		};
/* End XCBuildConfiguration section */

/* Begin XCConfigurationList section */
		DB50B6132D2A7767008EB3B3 /* Build configuration list for PBXProject "SP6" */ = {
			isa = XCConfigurationList;
			buildConfigurations = (
				DB50B63A2D2A7769008EB3B3 /* Debug */,
				DB50B63B2D2A7769008EB3B3 /* Release */,
			);
			defaultConfigurationIsVisible = 0;
			defaultConfigurationName = Release;
		};
		DB50B63C2D2A7769008EB3B3 /* Build configuration list for PBXNativeTarget "SP6" */ = {
			isa = XCConfigurationList;
			buildConfigurations = (
				DB50B63D2D2A7769008EB3B3 /* Debug */,
				DB50B63E2D2A7769008EB3B3 /* Release */,
			);
			defaultConfigurationIsVisible = 0;
			defaultConfigurationName = Release;
		};
		DB50B63F2D2A7769008EB3B3 /* Build configuration list for PBXNativeTarget "SP6Tests" */ = {
			isa = XCConfigurationList;
			buildConfigurations = (
				DB50B6402D2A7769008EB3B3 /* Debug */,
				DB50B6412D2A7769008EB3B3 /* Release */,
			);
			defaultConfigurationIsVisible = 0;
			defaultConfigurationName = Release;
		};
		DB50B6422D2A7769008EB3B3 /* Build configuration list for PBXNativeTarget "SP6UITests" */ = {
			isa = XCConfigurationList;
			buildConfigurations = (
				DB50B6432D2A7769008EB3B3 /* Debug */,
				DB50B6442D2A7769008EB3B3 /* Release */,
			);
			defaultConfigurationIsVisible = 0;
			defaultConfigurationName = Release;
		};
/* End XCConfigurationList section */
	};
	rootObject = DB50B6102D2A7767008EB3B3 /* Project object */;
}
