// !$*UTF8*$!
{
	archiveVersion = 1;
	classes = {
	};
	objectVersion = 77;
	objects = {

/* Begin PBXBuildFile section */
		DB07C7A52D2BF59B00858DF1 /* PopularView.swift in Sources */ = {isa = PBXBuildFile; fileRef = DB07C7A42D2BF59B00858DF1 /* PopularView.swift */; };
		DB07C7A92D2C3FE800858DF1 /* CategoryCatalogView.swift in Sources */ = {isa = PBXBuildFile; fileRef = DB07C7A82D2C3FE800858DF1 /* CategoryCatalogView.swift */; };
		DB50B6482D2A7770008EB3B3 /* SP6UITests.swift in Sources */ = {isa = PBXBuildFile; fileRef = DB50B6452D2A7770008EB3B3 /* SP6UITests.swift */; };
		DB50B6492D2A7770008EB3B3 /* SP6UITestsLaunchTests.swift in Sources */ = {isa = PBXBuildFile; fileRef = DB50B6462D2A7770008EB3B3 /* SP6UITestsLaunchTests.swift */; };
		DB50B64C2D2A7770008EB3B3 /* SP6Tests.swift in Sources */ = {isa = PBXBuildFile; fileRef = DB50B64A2D2A7770008EB3B3 /* SP6Tests.swift */; };
		DB50B6532D2A7770008EB3B3 /* Preview Assets.xcassets in Resources */ = {isa = PBXBuildFile; fileRef = DB50B64D2D2A7770008EB3B3 /* Preview Assets.xcassets */; };
		DB50B6542D2A7770008EB3B3 /* Assets.xcassets in Resources */ = {isa = PBXBuildFile; fileRef = DB50B64F2D2A7770008EB3B3 /* Assets.xcassets */; };
		DB50B6562D2A7770008EB3B3 /* SP6App.swift in Sources */ = {isa = PBXBuildFile; fileRef = DB50B6512D2A7770008EB3B3 /* SP6App.swift */; };
		DB50B6632D2A77F6008EB3B3 /* Category.swift in Sources */ = {isa = PBXBuildFile; fileRef = DB50B6622D2A77F6008EB3B3 /* Category.swift */; };
		DB50B6652D2A7813008EB3B3 /* Sneaker.swift in Sources */ = {isa = PBXBuildFile; fileRef = DB50B6642D2A7813008EB3B3 /* Sneaker.swift */; };
		DB50B6672D2A786D008EB3B3 /* SupabaseService.swift in Sources */ = {isa = PBXBuildFile; fileRef = DB50B6662D2A786D008EB3B3 /* SupabaseService.swift */; };
		DB50B66A2D2A78B0008EB3B3 /* Auth in Frameworks */ = {isa = PBXBuildFile; productRef = DB50B6692D2A78B0008EB3B3 /* Auth */; };
		DB50B66C2D2A78B0008EB3B3 /* Functions in Frameworks */ = {isa = PBXBuildFile; productRef = DB50B66B2D2A78B0008EB3B3 /* Functions */; };
		DB50B66E2D2A78B0008EB3B3 /* PostgREST in Frameworks */ = {isa = PBXBuildFile; productRef = DB50B66D2D2A78B0008EB3B3 /* PostgREST */; };
		DB50B6702D2A78B0008EB3B3 /* Realtime in Frameworks */ = {isa = PBXBuildFile; productRef = DB50B66F2D2A78B0008EB3B3 /* Realtime */; };
		DB50B6722D2A78B0008EB3B3 /* Storage in Frameworks */ = {isa = PBXBuildFile; productRef = DB50B6712D2A78B0008EB3B3 /* Storage */; };
		DB50B6742D2A78B0008EB3B3 /* Supabase in Frameworks */ = {isa = PBXBuildFile; productRef = DB50B6732D2A78B0008EB3B3 /* Supabase */; };
		DB50B6762D2A795E008EB3B3 /* Onboarding.swift in Sources */ = {isa = PBXBuildFile; fileRef = DB50B6752D2A795E008EB3B3 /* Onboarding.swift */; };
		DB50B6792D2A79B6008EB3B3 /* Onboard-1.swift in Sources */ = {isa = PBXBuildFile; fileRef = DB50B6782D2A79B6008EB3B3 /* Onboard-1.swift */; };
		DB50B67B2D2A7B1B008EB3B3 /* CapsulePages.swift in Sources */ = {isa = PBXBuildFile; fileRef = DB50B67A2D2A7B1B008EB3B3 /* CapsulePages.swift */; };
		DB50B67D2D2A7BFD008EB3B3 /* Onboard-2.swift in Sources */ = {isa = PBXBuildFile; fileRef = DB50B67C2D2A7BFD008EB3B3 /* Onboard-2.swift */; };
		DB50B67F2D2A7C0B008EB3B3 /* Onboard-3.swift in Sources */ = {isa = PBXBuildFile; fileRef = DB50B67E2D2A7C0B008EB3B3 /* Onboard-3.swift */; };
		DB50B6822D2A8B58008EB3B3 /* Launch Screen.storyboard in Resources */ = {isa = PBXBuildFile; fileRef = DB50B6812D2A8B58008EB3B3 /* Launch Screen.storyboard */; };
		DB50B6852D2A8D78008EB3B3 /* Home.swift in Sources */ = {isa = PBXBuildFile; fileRef = DB50B6842D2A8D78008EB3B3 /* Home.swift */; };
		DB50B6872D2A93A2008EB3B3 /* HomeViewModel.swift in Sources */ = {isa = PBXBuildFile; fileRef = DB50B6862D2A93A2008EB3B3 /* HomeViewModel.swift */; };
		DB50B6892D2A96A1008EB3B3 /* View +.swift in Sources */ = {isa = PBXBuildFile; fileRef = DB50B6882D2A96A1008EB3B3 /* View +.swift */; };
		DB50B68B2D2A97AF008EB3B3 /* ProductView.swift in Sources */ = {isa = PBXBuildFile; fileRef = DB50B68A2D2A97AF008EB3B3 /* ProductView.swift */; };
		DB50B68D2D2ABBC7008EB3B3 /* RoundedCorner.swift in Sources */ = {isa = PBXBuildFile; fileRef = DB50B68C2D2ABBC7008EB3B3 /* RoundedCorner.swift */; };
		DB50B6902D2AD3EC008EB3B3 /* NetworkMonitor.swift in Sources */ = {isa = PBXBuildFile; fileRef = DB50B68F2D2AD3EC008EB3B3 /* NetworkMonitor.swift */; };
		DB50B6922D2AF7B2008EB3B3 /* Ads.swift in Sources */ = {isa = PBXBuildFile; fileRef = DB50B6912D2AF7B2008EB3B3 /* Ads.swift */; };
		DB50B6952D2B115E008EB3B3 /* SwiftSVG in Frameworks */ = {isa = PBXBuildFile; productRef = DB50B6942D2B115E008EB3B3 /* SwiftSVG */; };
		DB8F831A2D2E728500D3465B /* MainHomeView.swift in Sources */ = {isa = PBXBuildFile; fileRef = DB8F83192D2E728500D3465B /* MainHomeView.swift */; };
		DB8F832D2D2E7D3200D3465B /* Tabs.swift in Sources */ = {isa = PBXBuildFile; fileRef = DB8F832C2D2E7D3200D3465B /* Tabs.swift */; };
		DBAC5BFF2D2D3CD00032CB5E /* FavoriteView.swift in Sources */ = {isa = PBXBuildFile; fileRef = DBAC5BFE2D2D3CD00032CB5E /* FavoriteView.swift */; };
		DBAC5C032D2D3F040032CB5E /* LoginView.swift in Sources */ = {isa = PBXBuildFile; fileRef = DBAC5C022D2D3F040032CB5E /* LoginView.swift */; };
		DBAC5C052D2D3F6B0032CB5E /* CustomTextField.swift in Sources */ = {isa = PBXBuildFile; fileRef = DBAC5C042D2D3F6B0032CB5E /* CustomTextField.swift */; };
		DBAC5C082D2D40AF0032CB5E /* CustomStyleTextField.swift in Sources */ = {isa = PBXBuildFile; fileRef = DBAC5C072D2D40AF0032CB5E /* CustomStyleTextField.swift */; };
		DBAC5C0B2D2D431F0032CB5E /* LoginViewModel.swift in Sources */ = {isa = PBXBuildFile; fileRef = DBAC5C0A2D2D431F0032CB5E /* LoginViewModel.swift */; };
/* End PBXBuildFile section */

/* Begin PBXContainerItemProxy section */
		DB50B6292D2A7768008EB3B3 /* PBXContainerItemProxy */ = {
			isa = PBXContainerItemProxy;
			containerPortal = DB50B6102D2A7767008EB3B3 /* Project object */;
			proxyType = 1;
			remoteGlobalIDString = DB50B6172D2A7767008EB3B3;
			remoteInfo = SP6;
		};
		DB50B6332D2A7769008EB3B3 /* PBXContainerItemProxy */ = {
			isa = PBXContainerItemProxy;
			containerPortal = DB50B6102D2A7767008EB3B3 /* Project object */;
			proxyType = 1;
			remoteGlobalIDString = DB50B6172D2A7767008EB3B3;
			remoteInfo = SP6;
		};
/* End PBXContainerItemProxy section */

/* Begin PBXFileReference section */
		DB07C7A42D2BF59B00858DF1 /* PopularView.swift */ = {isa = PBXFileReference; lastKnownFileType = sourcecode.swift; path = PopularView.swift; sourceTree = "<group>"; };
		DB07C7A82D2C3FE800858DF1 /* CategoryCatalogView.swift */ = {isa = PBXFileReference; lastKnownFileType = sourcecode.swift; path = CategoryCatalogView.swift; sourceTree = "<group>"; };
		DB50B6182D2A7768008EB3B3 /* SP6.app */ = {isa = PBXFileReference; explicitFileType = wrapper.application; includeInIndex = 0; path = SP6.app; sourceTree = BUILT_PRODUCTS_DIR; };
		DB50B6282D2A7768008EB3B3 /* SP6Tests.xctest */ = {isa = PBXFileReference; explicitFileType = wrapper.cfbundle; includeInIndex = 0; path = SP6Tests.xctest; sourceTree = BUILT_PRODUCTS_DIR; };
		DB50B6322D2A7769008EB3B3 /* SP6UITests.xctest */ = {isa = PBXFileReference; explicitFileType = wrapper.cfbundle; includeInIndex = 0; path = SP6UITests.xctest; sourceTree = BUILT_PRODUCTS_DIR; };
		DB50B6452D2A7770008EB3B3 /* SP6UITests.swift */ = {isa = PBXFileReference; lastKnownFileType = sourcecode.swift; path = SP6UITests.swift; sourceTree = "<group>"; };
		DB50B6462D2A7770008EB3B3 /* SP6UITestsLaunchTests.swift */ = {isa = PBXFileReference; lastKnownFileType = sourcecode.swift; path = SP6UITestsLaunchTests.swift; sourceTree = "<group>"; };
		DB50B64A2D2A7770008EB3B3 /* SP6Tests.swift */ = {isa = PBXFileReference; lastKnownFileType = sourcecode.swift; path = SP6Tests.swift; sourceTree = "<group>"; };
		DB50B64D2D2A7770008EB3B3 /* Preview Assets.xcassets */ = {isa = PBXFileReference; lastKnownFileType = folder.assetcatalog; path = "Preview Assets.xcassets"; sourceTree = "<group>"; };
		DB50B64F2D2A7770008EB3B3 /* Assets.xcassets */ = {isa = PBXFileReference; lastKnownFileType = folder.assetcatalog; path = Assets.xcassets; sourceTree = "<group>"; };
		DB50B6512D2A7770008EB3B3 /* SP6App.swift */ = {isa = PBXFileReference; lastKnownFileType = sourcecode.swift; path = SP6App.swift; sourceTree = "<group>"; };
		DB50B6622D2A77F6008EB3B3 /* Category.swift */ = {isa = PBXFileReference; lastKnownFileType = sourcecode.swift; path = Category.swift; sourceTree = "<group>"; };
		DB50B6642D2A7813008EB3B3 /* Sneaker.swift */ = {isa = PBXFileReference; lastKnownFileType = sourcecode.swift; path = Sneaker.swift; sourceTree = "<group>"; };
		DB50B6662D2A786D008EB3B3 /* SupabaseService.swift */ = {isa = PBXFileReference; lastKnownFileType = sourcecode.swift; path = SupabaseService.swift; sourceTree = "<group>"; };
		DB50B6752D2A795E008EB3B3 /* Onboarding.swift */ = {isa = PBXFileReference; lastKnownFileType = sourcecode.swift; path = Onboarding.swift; sourceTree = "<group>"; };
		DB50B6782D2A79B6008EB3B3 /* Onboard-1.swift */ = {isa = PBXFileReference; lastKnownFileType = sourcecode.swift; path = "Onboard-1.swift"; sourceTree = "<group>"; };
		DB50B67A2D2A7B1B008EB3B3 /* CapsulePages.swift */ = {isa = PBXFileReference; lastKnownFileType = sourcecode.swift; path = CapsulePages.swift; sourceTree = "<group>"; };
		DB50B67C2D2A7BFD008EB3B3 /* Onboard-2.swift */ = {isa = PBXFileReference; lastKnownFileType = sourcecode.swift; path = "Onboard-2.swift"; sourceTree = "<group>"; };
		DB50B67E2D2A7C0B008EB3B3 /* Onboard-3.swift */ = {isa = PBXFileReference; lastKnownFileType = sourcecode.swift; path = "Onboard-3.swift"; sourceTree = "<group>"; };
		DB50B6812D2A8B58008EB3B3 /* Launch Screen.storyboard */ = {isa = PBXFileReference; lastKnownFileType = file.storyboard; path = "Launch Screen.storyboard"; sourceTree = "<group>"; };
		DB50B6842D2A8D78008EB3B3 /* Home.swift */ = {isa = PBXFileReference; lastKnownFileType = sourcecode.swift; path = Home.swift; sourceTree = "<group>"; };
		DB50B6862D2A93A2008EB3B3 /* HomeViewModel.swift */ = {isa = PBXFileReference; lastKnownFileType = sourcecode.swift; path = HomeViewModel.swift; sourceTree = "<group>"; };
		DB50B6882D2A96A1008EB3B3 /* View +.swift */ = {isa = PBXFileReference; lastKnownFileType = sourcecode.swift; path = "View +.swift"; sourceTree = "<group>"; };
		DB50B68A2D2A97AF008EB3B3 /* ProductView.swift */ = {isa = PBXFileReference; lastKnownFileType = sourcecode.swift; path = ProductView.swift; sourceTree = "<group>"; };
		DB50B68C2D2ABBC7008EB3B3 /* RoundedCorner.swift */ = {isa = PBXFileReference; lastKnownFileType = sourcecode.swift; path = RoundedCorner.swift; sourceTree = "<group>"; };
		DB50B68F2D2AD3EC008EB3B3 /* NetworkMonitor.swift */ = {isa = PBXFileReference; lastKnownFileType = sourcecode.swift; path = NetworkMonitor.swift; sourceTree = "<group>"; };
		DB50B6912D2AF7B2008EB3B3 /* Ads.swift */ = {isa = PBXFileReference; lastKnownFileType = sourcecode.swift; path = Ads.swift; sourceTree = "<group>"; };
		DB8F83192D2E728500D3465B /* MainHomeView.swift */ = {isa = PBXFileReference; lastKnownFileType = sourcecode.swift; path = MainHomeView.swift; sourceTree = "<group>"; };
		DB8F832C2D2E7D3200D3465B /* Tabs.swift */ = {isa = PBXFileReference; lastKnownFileType = sourcecode.swift; path = Tabs.swift; sourceTree = "<group>"; };
		DBAC5BFE2D2D3CD00032CB5E /* FavoriteView.swift */ = {isa = PBXFileReference; lastKnownFileType = sourcecode.swift; path = FavoriteView.swift; sourceTree = "<group>"; };
		DBAC5C022D2D3F040032CB5E /* LoginView.swift */ = {isa = PBXFileReference; lastKnownFileType = sourcecode.swift; path = LoginView.swift; sourceTree = "<group>"; };
		DBAC5C042D2D3F6B0032CB5E /* CustomTextField.swift */ = {isa = PBXFileReference; lastKnownFileType = sourcecode.swift; path = CustomTextField.swift; sourceTree = "<group>"; };
		DBAC5C072D2D40AF0032CB5E /* CustomStyleTextField.swift */ = {isa = PBXFileReference; lastKnownFileType = sourcecode.swift; path = CustomStyleTextField.swift; sourceTree = "<group>"; };
		DBAC5C0A2D2D431F0032CB5E /* LoginViewModel.swift */ = {isa = PBXFileReference; lastKnownFileType = sourcecode.swift; path = LoginViewModel.swift; sourceTree = "<group>"; };
/* End PBXFileReference section */

/* Begin PBXFrameworksBuildPhase section */
		DB50B6152D2A7767008EB3B3 /* Frameworks */ = {
			isa = PBXFrameworksBuildPhase;
			buildActionMask = 2147483647;
			files = (
				DB50B66E2D2A78B0008EB3B3 /* PostgREST in Frameworks */,
				DB50B66C2D2A78B0008EB3B3 /* Functions in Frameworks */,
				DB50B6742D2A78B0008EB3B3 /* Supabase in Frameworks */,
				DB50B66A2D2A78B0008EB3B3 /* Auth in Frameworks */,
				DB50B6952D2B115E008EB3B3 /* SwiftSVG in Frameworks */,
				DB50B6722D2A78B0008EB3B3 /* Storage in Frameworks */,
				DB50B6702D2A78B0008EB3B3 /* Realtime in Frameworks */,
			);
			runOnlyForDeploymentPostprocessing = 0;
		};
		DB50B6252D2A7768008EB3B3 /* Frameworks */ = {
			isa = PBXFrameworksBuildPhase;
			buildActionMask = 2147483647;
			files = (
			);
			runOnlyForDeploymentPostprocessing = 0;
		};
		DB50B62F2D2A7768008EB3B3 /* Frameworks */ = {
			isa = PBXFrameworksBuildPhase;
			buildActionMask = 2147483647;
			files = (
			);
			runOnlyForDeploymentPostprocessing = 0;
		};
/* End PBXFrameworksBuildPhase section */

/* Begin PBXGroup section */
		DB50B60F2D2A7767008EB3B3 = {
			isa = PBXGroup;
			children = (
				DB50B6522D2A7770008EB3B3 /* SP6 */,
				DB50B64B2D2A7770008EB3B3 /* SP6Tests */,
				DB50B6472D2A7770008EB3B3 /* SP6UITests */,
				DB50B6192D2A7768008EB3B3 /* Products */,
			);
			sourceTree = "<group>";
		};
		DB50B6192D2A7768008EB3B3 /* Products */ = {
			isa = PBXGroup;
			children = (
				DB50B6182D2A7768008EB3B3 /* SP6.app */,
				DB50B6282D2A7768008EB3B3 /* SP6Tests.xctest */,
				DB50B6322D2A7769008EB3B3 /* SP6UITests.xctest */,
			);
			name = Products;
			sourceTree = "<group>";
		};
		DB50B6472D2A7770008EB3B3 /* SP6UITests */ = {
			isa = PBXGroup;
			children = (
				DB50B6452D2A7770008EB3B3 /* SP6UITests.swift */,
				DB50B6462D2A7770008EB3B3 /* SP6UITestsLaunchTests.swift */,
			);
			path = SP6UITests;
			sourceTree = "<group>";
		};
		DB50B64B2D2A7770008EB3B3 /* SP6Tests */ = {
			isa = PBXGroup;
			children = (
				DB50B64A2D2A7770008EB3B3 /* SP6Tests.swift */,
			);
			path = SP6Tests;
			sourceTree = "<group>";
		};
		DB50B64E2D2A7770008EB3B3 /* Preview Content */ = {
			isa = PBXGroup;
			children = (
				DB50B64D2D2A7770008EB3B3 /* Preview Assets.xcassets */,
			);
			path = "Preview Content";
			sourceTree = "<group>";
		};
		DB50B6522D2A7770008EB3B3 /* SP6 */ = {
			isa = PBXGroup;
			children = (
				DB50B6592D2A778D008EB3B3 /* Presentation */,
				DB50B6582D2A778A008EB3B3 /* Domain */,
				DB50B6572D2A7787008EB3B3 /* Data */,
				DB50B64E2D2A7770008EB3B3 /* Preview Content */,
			);
			path = SP6;
			sourceTree = "<group>";
		};
		DB50B6572D2A7787008EB3B3 /* Data */ = {
			isa = PBXGroup;
			children = (
				DB50B6612D2A77EE008EB3B3 /* Models */,
			);
			path = Data;
			sourceTree = "<group>";
		};
		DB50B6582D2A778A008EB3B3 /* Domain */ = {
			isa = PBXGroup;
			children = (
				DB8F832E2D2E7D9900D3465B /* Enums */,
				DB50B68E2D2AD3DF008EB3B3 /* Helpers */,
				DB50B65B2D2A77A4008EB3B3 /* Extensions */,
				DB50B65A2D2A77A0008EB3B3 /* Service */,
			);
			path = Domain;
			sourceTree = "<group>";
		};
		DB50B6592D2A778D008EB3B3 /* Presentation */ = {
			isa = PBXGroup;
			children = (
				DB50B6802D2A8B4D008EB3B3 /* LaunchScreen */,
				DB50B65F2D2A77DE008EB3B3 /* App */,
				DB50B65E2D2A77CC008EB3B3 /* Resources */,
				DB50B65D2D2A77B8008EB3B3 /* Views */,
				DB50B65C2D2A77AA008EB3B3 /* Components */,
			);
			path = Presentation;
			sourceTree = "<group>";
		};
		DB50B65A2D2A77A0008EB3B3 /* Service */ = {
			isa = PBXGroup;
			children = (
				DB50B6662D2A786D008EB3B3 /* SupabaseService.swift */,
			);
			path = Service;
			sourceTree = "<group>";
		};
		DB50B65B2D2A77A4008EB3B3 /* Extensions */ = {
			isa = PBXGroup;
			children = (
				DB50B6882D2A96A1008EB3B3 /* View +.swift */,
			);
			path = Extensions;
			sourceTree = "<group>";
		};
		DB50B65C2D2A77AA008EB3B3 /* Components */ = {
			isa = PBXGroup;
			children = (
				DB50B67A2D2A7B1B008EB3B3 /* CapsulePages.swift */,
				DB50B68A2D2A97AF008EB3B3 /* ProductView.swift */,
				DB50B68C2D2ABBC7008EB3B3 /* RoundedCorner.swift */,
				DBAC5C042D2D3F6B0032CB5E /* CustomTextField.swift */,
			);
			path = Components;
			sourceTree = "<group>";
		};
		DB50B65D2D2A77B8008EB3B3 /* Views */ = {
			isa = PBXGroup;
			children = (
				DBAC5C092D2D410F0032CB5E /* Login */,
				DB50B6832D2A8D73008EB3B3 /* Home */,
				DB50B6772D2A7961008EB3B3 /* Onboards */,
			);
			path = Views;
			sourceTree = "<group>";
		};
		DB50B65E2D2A77CC008EB3B3 /* Resources */ = {
			isa = PBXGroup;
			children = (
				DBAC5C062D2D40A20032CB5E /* Style */,
				DB50B64F2D2A7770008EB3B3 /* Assets.xcassets */,
			);
			path = Resources;
			sourceTree = "<group>";
		};
		DB50B65F2D2A77DE008EB3B3 /* App */ = {
			isa = PBXGroup;
			children = (
				DB50B6512D2A7770008EB3B3 /* SP6App.swift */,
			);
			path = App;
			sourceTree = "<group>";
		};
		DB50B6612D2A77EE008EB3B3 /* Models */ = {
			isa = PBXGroup;
			children = (
				DB50B6622D2A77F6008EB3B3 /* Category.swift */,
				DB50B6642D2A7813008EB3B3 /* Sneaker.swift */,
				DB50B6912D2AF7B2008EB3B3 /* Ads.swift */,
			);
			path = Models;
			sourceTree = "<group>";
		};
		DB50B6772D2A7961008EB3B3 /* Onboards */ = {
			isa = PBXGroup;
			children = (
				DB50B6752D2A795E008EB3B3 /* Onboarding.swift */,
				DB50B6782D2A79B6008EB3B3 /* Onboard-1.swift */,
				DB50B67C2D2A7BFD008EB3B3 /* Onboard-2.swift */,
				DB50B67E2D2A7C0B008EB3B3 /* Onboard-3.swift */,
			);
			path = Onboards;
			sourceTree = "<group>";
		};
		DB50B6802D2A8B4D008EB3B3 /* LaunchScreen */ = {
			isa = PBXGroup;
			children = (
				DB50B6812D2A8B58008EB3B3 /* Launch Screen.storyboard */,
			);
			path = LaunchScreen;
			sourceTree = "<group>";
		};
		DB50B6832D2A8D73008EB3B3 /* Home */ = {
			isa = PBXGroup;
			children = (
				DB50B6842D2A8D78008EB3B3 /* Home.swift */,
				DB50B6862D2A93A2008EB3B3 /* HomeViewModel.swift */,
				DB07C7A42D2BF59B00858DF1 /* PopularView.swift */,
				DB07C7A82D2C3FE800858DF1 /* CategoryCatalogView.swift */,
				DBAC5BFE2D2D3CD00032CB5E /* FavoriteView.swift */,
				DB8F83192D2E728500D3465B /* MainHomeView.swift */,
			);
			path = Home;
			sourceTree = "<group>";
		};
		DB50B68E2D2AD3DF008EB3B3 /* Helpers */ = {
			isa = PBXGroup;
			children = (
				DB50B68F2D2AD3EC008EB3B3 /* NetworkMonitor.swift */,
			);
			path = Helpers;
			sourceTree = "<group>";
		};
		DB8F832E2D2E7D9900D3465B /* Enums */ = {
			isa = PBXGroup;
			children = (
				DB8F832C2D2E7D3200D3465B /* Tabs.swift */,
			);
			path = Enums;
			sourceTree = "<group>";
		};
		DBAC5C062D2D40A20032CB5E /* Style */ = {
			isa = PBXGroup;
			children = (
				DBAC5C072D2D40AF0032CB5E /* CustomStyleTextField.swift */,
			);
			path = Style;
			sourceTree = "<group>";
		};
		DBAC5C092D2D410F0032CB5E /* Login */ = {
			isa = PBXGroup;
			children = (
				DBAC5C022D2D3F040032CB5E /* LoginView.swift */,
				DBAC5C0A2D2D431F0032CB5E /* LoginViewModel.swift */,
			);
			path = Login;
			sourceTree = "<group>";
		};
/* End PBXGroup section */

/* Begin PBXNativeTarget section */
		DB50B6172D2A7767008EB3B3 /* SP6 */ = {
			isa = PBXNativeTarget;
			buildConfigurationList = DB50B63C2D2A7769008EB3B3 /* Build configuration list for PBXNativeTarget "SP6" */;
			buildPhases = (
				DB50B6142D2A7767008EB3B3 /* Sources */,
				DB50B6152D2A7767008EB3B3 /* Frameworks */,
				DB50B6162D2A7767008EB3B3 /* Resources */,
			);
			buildRules = (
			);
			dependencies = (
			);
			name = SP6;
			packageProductDependencies = (
				DB50B6692D2A78B0008EB3B3 /* Auth */,
				DB50B66B2D2A78B0008EB3B3 /* Functions */,
				DB50B66D2D2A78B0008EB3B3 /* PostgREST */,
				DB50B66F2D2A78B0008EB3B3 /* Realtime */,
				DB50B6712D2A78B0008EB3B3 /* Storage */,
				DB50B6732D2A78B0008EB3B3 /* Supabase */,
				DB50B6942D2B115E008EB3B3 /* SwiftSVG */,
			);
			productName = SP6;
			productReference = DB50B6182D2A7768008EB3B3 /* SP6.app */;
			productType = "com.apple.product-type.application";
		};
		DB50B6272D2A7768008EB3B3 /* SP6Tests */ = {
			isa = PBXNativeTarget;
			buildConfigurationList = DB50B63F2D2A7769008EB3B3 /* Build configuration list for PBXNativeTarget "SP6Tests" */;
			buildPhases = (
				DB50B6242D2A7768008EB3B3 /* Sources */,
				DB50B6252D2A7768008EB3B3 /* Frameworks */,
				DB50B6262D2A7768008EB3B3 /* Resources */,
			);
			buildRules = (
			);
			dependencies = (
				DB50B62A2D2A7768008EB3B3 /* PBXTargetDependency */,
			);
			name = SP6Tests;
			packageProductDependencies = (
			);
			productName = SP6Tests;
			productReference = DB50B6282D2A7768008EB3B3 /* SP6Tests.xctest */;
			productType = "com.apple.product-type.bundle.unit-test";
		};
		DB50B6312D2A7768008EB3B3 /* SP6UITests */ = {
			isa = PBXNativeTarget;
			buildConfigurationList = DB50B6422D2A7769008EB3B3 /* Build configuration list for PBXNativeTarget "SP6UITests" */;
			buildPhases = (
				DB50B62E2D2A7768008EB3B3 /* Sources */,
				DB50B62F2D2A7768008EB3B3 /* Frameworks */,
				DB50B6302D2A7768008EB3B3 /* Resources */,
			);
			buildRules = (
			);
			dependencies = (
				DB50B6342D2A7769008EB3B3 /* PBXTargetDependency */,
			);
			name = SP6UITests;
			packageProductDependencies = (
			);
			productName = SP6UITests;
			productReference = DB50B6322D2A7769008EB3B3 /* SP6UITests.xctest */;
			productType = "com.apple.product-type.bundle.ui-testing";
		};
/* End PBXNativeTarget section */

/* Begin PBXProject section */
		DB50B6102D2A7767008EB3B3 /* Project object */ = {
			isa = PBXProject;
			attributes = {
				BuildIndependentTargetsInParallel = 1;
				LastSwiftUpdateCheck = 1620;
				LastUpgradeCheck = 1620;
				TargetAttributes = {
					DB50B6172D2A7767008EB3B3 = {
						CreatedOnToolsVersion = 16.2;
					};
					DB50B6272D2A7768008EB3B3 = {
						CreatedOnToolsVersion = 16.2;
						TestTargetID = DB50B6172D2A7767008EB3B3;
					};
					DB50B6312D2A7768008EB3B3 = {
						CreatedOnToolsVersion = 16.2;
						TestTargetID = DB50B6172D2A7767008EB3B3;
					};
				};
			};
			buildConfigurationList = DB50B6132D2A7767008EB3B3 /* Build configuration list for PBXProject "SP6" */;
			developmentRegion = en;
			hasScannedForEncodings = 0;
			knownRegions = (
				en,
				Base,
			);
			mainGroup = DB50B60F2D2A7767008EB3B3;
			minimizedProjectReferenceProxies = 1;
			packageReferences = (
				DB50B6682D2A78B0008EB3B3 /* XCRemoteSwiftPackageReference "supabase-swift" */,
				DB50B6932D2B115E008EB3B3 /* XCRemoteSwiftPackageReference "SwiftSVG" */,
			);
			preferredProjectObjectVersion = 77;
			productRefGroup = DB50B6192D2A7768008EB3B3 /* Products */;
			projectDirPath = "";
			projectRoot = "";
			targets = (
				DB50B6172D2A7767008EB3B3 /* SP6 */,
				DB50B6272D2A7768008EB3B3 /* SP6Tests */,
				DB50B6312D2A7768008EB3B3 /* SP6UITests */,
			);
		};
/* End PBXProject section */

/* Begin PBXResourcesBuildPhase section */
		DB50B6162D2A7767008EB3B3 /* Resources */ = {
			isa = PBXResourcesBuildPhase;
			buildActionMask = 2147483647;
			files = (
				DB50B6822D2A8B58008EB3B3 /* Launch Screen.storyboard in Resources */,
				DB50B6532D2A7770008EB3B3 /* Preview Assets.xcassets in Resources */,
				DB50B6542D2A7770008EB3B3 /* Assets.xcassets in Resources */,
			);
			runOnlyForDeploymentPostprocessing = 0;
		};
		DB50B6262D2A7768008EB3B3 /* Resources */ = {
			isa = PBXResourcesBuildPhase;
			buildActionMask = 2147483647;
			files = (
			);
			runOnlyForDeploymentPostprocessing = 0;
		};
		DB50B6302D2A7768008EB3B3 /* Resources */ = {
			isa = PBXResourcesBuildPhase;
			buildActionMask = 2147483647;
			files = (
			);
			runOnlyForDeploymentPostprocessing = 0;
		};
/* End PBXResourcesBuildPhase section */

/* Begin PBXSourcesBuildPhase section */
		DB50B6142D2A7767008EB3B3 /* Sources */ = {
			isa = PBXSourcesBuildPhase;
			buildActionMask = 2147483647;
			files = (
				DB50B6562D2A7770008EB3B3 /* SP6App.swift in Sources */,
				DB50B6672D2A786D008EB3B3 /* SupabaseService.swift in Sources */,
				DB50B6872D2A93A2008EB3B3 /* HomeViewModel.swift in Sources */,
				DB50B6852D2A8D78008EB3B3 /* Home.swift in Sources */,
				DB50B6892D2A96A1008EB3B3 /* View +.swift in Sources */,
				DB50B68B2D2A97AF008EB3B3 /* ProductView.swift in Sources */,
				DBAC5C082D2D40AF0032CB5E /* CustomStyleTextField.swift in Sources */,
				DB50B67F2D2A7C0B008EB3B3 /* Onboard-3.swift in Sources */,
				DB50B6902D2AD3EC008EB3B3 /* NetworkMonitor.swift in Sources */,
				DB50B67B2D2A7B1B008EB3B3 /* CapsulePages.swift in Sources */,
				DB50B6632D2A77F6008EB3B3 /* Category.swift in Sources */,
				DB50B6792D2A79B6008EB3B3 /* Onboard-1.swift in Sources */,
				DBAC5C052D2D3F6B0032CB5E /* CustomTextField.swift in Sources */,
				DB50B68D2D2ABBC7008EB3B3 /* RoundedCorner.swift in Sources */,
				DB07C7A92D2C3FE800858DF1 /* CategoryCatalogView.swift in Sources */,
				DB50B6922D2AF7B2008EB3B3 /* Ads.swift in Sources */,
				DBAC5C032D2D3F040032CB5E /* LoginView.swift in Sources */,
				DB50B6652D2A7813008EB3B3 /* Sneaker.swift in Sources */,
				DB8F832D2D2E7D3200D3465B /* Tabs.swift in Sources */,
				DB50B67D2D2A7BFD008EB3B3 /* Onboard-2.swift in Sources */,
				DBAC5C0B2D2D431F0032CB5E /* LoginViewModel.swift in Sources */,
				DB50B6762D2A795E008EB3B3 /* Onboarding.swift in Sources */,
				DBAC5BFF2D2D3CD00032CB5E /* FavoriteView.swift in Sources */,
				DB8F831A2D2E728500D3465B /* MainHomeView.swift in Sources */,
				DB07C7A52D2BF59B00858DF1 /* PopularView.swift in Sources */,
			);
			runOnlyForDeploymentPostprocessing = 0;
		};
		DB50B6242D2A7768008EB3B3 /* Sources */ = {
			isa = PBXSourcesBuildPhase;
			buildActionMask = 2147483647;
			files = (
				DB50B64C2D2A7770008EB3B3 /* SP6Tests.swift in Sources */,
			);
			runOnlyForDeploymentPostprocessing = 0;
		};
		DB50B62E2D2A7768008EB3B3 /* Sources */ = {
			isa = PBXSourcesBuildPhase;
			buildActionMask = 2147483647;
			files = (
				DB50B6482D2A7770008EB3B3 /* SP6UITests.swift in Sources */,
				DB50B6492D2A7770008EB3B3 /* SP6UITestsLaunchTests.swift in Sources */,
			);
			runOnlyForDeploymentPostprocessing = 0;
		};
/* End PBXSourcesBuildPhase section */

/* Begin PBXTargetDependency section */
		DB50B62A2D2A7768008EB3B3 /* PBXTargetDependency */ = {
			isa = PBXTargetDependency;
			target = DB50B6172D2A7767008EB3B3 /* SP6 */;
			targetProxy = DB50B6292D2A7768008EB3B3 /* PBXContainerItemProxy */;
		};
		DB50B6342D2A7769008EB3B3 /* PBXTargetDependency */ = {
			isa = PBXTargetDependency;
			target = DB50B6172D2A7767008EB3B3 /* SP6 */;
			targetProxy = DB50B6332D2A7769008EB3B3 /* PBXContainerItemProxy */;
		};
/* End PBXTargetDependency section */

/* Begin XCBuildConfiguration section */
		DB50B63A2D2A7769008EB3B3 /* Debug */ = {
			isa = XCBuildConfiguration;
			buildSettings = {
				ALWAYS_SEARCH_USER_PATHS = NO;
				ASSETCATALOG_COMPILER_GENERATE_SWIFT_ASSET_SYMBOL_EXTENSIONS = YES;
				CLANG_ANALYZER_NONNULL = YES;
				CLANG_ANALYZER_NUMBER_OBJECT_CONVERSION = YES_AGGRESSIVE;
				CLANG_CXX_LANGUAGE_STANDARD = "gnu++20";
				CLANG_ENABLE_MODULES = YES;
				CLANG_ENABLE_OBJC_ARC = YES;
				CLANG_ENABLE_OBJC_WEAK = YES;
				CLANG_WARN_BLOCK_CAPTURE_AUTORELEASING = YES;
				CLANG_WARN_BOOL_CONVERSION = YES;
				CLANG_WARN_COMMA = YES;
				CLANG_WARN_CONSTANT_CONVERSION = YES;
				CLANG_WARN_DEPRECATED_OBJC_IMPLEMENTATIONS = YES;
				CLANG_WARN_DIRECT_OBJC_ISA_USAGE = YES_ERROR;
				CLANG_WARN_DOCUMENTATION_COMMENTS = YES;
				CLANG_WARN_EMPTY_BODY = YES;
				CLANG_WARN_ENUM_CONVERSION = YES;
				CLANG_WARN_INFINITE_RECURSION = YES;
				CLANG_WARN_INT_CONVERSION = YES;
				CLANG_WARN_NON_LITERAL_NULL_CONVERSION = YES;
				CLANG_WARN_OBJC_IMPLICIT_RETAIN_SELF = YES;
				CLANG_WARN_OBJC_LITERAL_CONVERSION = YES;
				CLANG_WARN_OBJC_ROOT_CLASS = YES_ERROR;
				CLANG_WARN_QUOTED_INCLUDE_IN_FRAMEWORK_HEADER = YES;
				CLANG_WARN_RANGE_LOOP_ANALYSIS = YES;
				CLANG_WARN_STRICT_PROTOTYPES = YES;
				CLANG_WARN_SUSPICIOUS_MOVE = YES;
				CLANG_WARN_UNGUARDED_AVAILABILITY = YES_AGGRESSIVE;
				CLANG_WARN_UNREACHABLE_CODE = YES;
				CLANG_WARN__DUPLICATE_METHOD_MATCH = YES;
				COPY_PHASE_STRIP = NO;
				DEBUG_INFORMATION_FORMAT = dwarf;
				ENABLE_STRICT_OBJC_MSGSEND = YES;
				ENABLE_TESTABILITY = YES;
				ENABLE_USER_SCRIPT_SANDBOXING = YES;
				GCC_C_LANGUAGE_STANDARD = gnu17;
				GCC_DYNAMIC_NO_PIC = NO;
				GCC_NO_COMMON_BLOCKS = YES;
				GCC_OPTIMIZATION_LEVEL = 0;
				GCC_PREPROCESSOR_DEFINITIONS = (
					"DEBUG=1",
					"$(inherited)",
				);
				GCC_WARN_64_TO_32_BIT_CONVERSION = YES;
				GCC_WARN_ABOUT_RETURN_TYPE = YES_ERROR;
				GCC_WARN_UNDECLARED_SELECTOR = YES;
				GCC_WARN_UNINITIALIZED_AUTOS = YES_AGGRESSIVE;
				GCC_WARN_UNUSED_FUNCTION = YES;
				GCC_WARN_UNUSED_VARIABLE = YES;
				IPHONEOS_DEPLOYMENT_TARGET = 18.2;
				LOCALIZATION_PREFERS_STRING_CATALOGS = YES;
				MTL_ENABLE_DEBUG_INFO = INCLUDE_SOURCE;
				MTL_FAST_MATH = YES;
				ONLY_ACTIVE_ARCH = YES;
				SDKROOT = iphoneos;
				SWIFT_ACTIVE_COMPILATION_CONDITIONS = "DEBUG $(inherited)";
				SWIFT_OPTIMIZATION_LEVEL = "-Onone";
			};
			name = Debug;
		};
		DB50B63B2D2A7769008EB3B3 /* Release */ = {
			isa = XCBuildConfiguration;
			buildSettings = {
				ALWAYS_SEARCH_USER_PATHS = NO;
				ASSETCATALOG_COMPILER_GENERATE_SWIFT_ASSET_SYMBOL_EXTENSIONS = YES;
				CLANG_ANALYZER_NONNULL = YES;
				CLANG_ANALYZER_NUMBER_OBJECT_CONVERSION = YES_AGGRESSIVE;
				CLANG_CXX_LANGUAGE_STANDARD = "gnu++20";
				CLANG_ENABLE_MODULES = YES;
				CLANG_ENABLE_OBJC_ARC = YES;
				CLANG_ENABLE_OBJC_WEAK = YES;
				CLANG_WARN_BLOCK_CAPTURE_AUTORELEASING = YES;
				CLANG_WARN_BOOL_CONVERSION = YES;
				CLANG_WARN_COMMA = YES;
				CLANG_WARN_CONSTANT_CONVERSION = YES;
				CLANG_WARN_DEPRECATED_OBJC_IMPLEMENTATIONS = YES;
				CLANG_WARN_DIRECT_OBJC_ISA_USAGE = YES_ERROR;
				CLANG_WARN_DOCUMENTATION_COMMENTS = YES;
				CLANG_WARN_EMPTY_BODY = YES;
				CLANG_WARN_ENUM_CONVERSION = YES;
				CLANG_WARN_INFINITE_RECURSION = YES;
				CLANG_WARN_INT_CONVERSION = YES;
				CLANG_WARN_NON_LITERAL_NULL_CONVERSION = YES;
				CLANG_WARN_OBJC_IMPLICIT_RETAIN_SELF = YES;
				CLANG_WARN_OBJC_LITERAL_CONVERSION = YES;
				CLANG_WARN_OBJC_ROOT_CLASS = YES_ERROR;
				CLANG_WARN_QUOTED_INCLUDE_IN_FRAMEWORK_HEADER = YES;
				CLANG_WARN_RANGE_LOOP_ANALYSIS = YES;
				CLANG_WARN_STRICT_PROTOTYPES = YES;
				CLANG_WARN_SUSPICIOUS_MOVE = YES;
				CLANG_WARN_UNGUARDED_AVAILABILITY = YES_AGGRESSIVE;
				CLANG_WARN_UNREACHABLE_CODE = YES;
				CLANG_WARN__DUPLICATE_METHOD_MATCH = YES;
				COPY_PHASE_STRIP = NO;
				DEBUG_INFORMATION_FORMAT = "dwarf-with-dsym";
				ENABLE_NS_ASSERTIONS = NO;
				ENABLE_STRICT_OBJC_MSGSEND = YES;
				ENABLE_USER_SCRIPT_SANDBOXING = YES;
				GCC_C_LANGUAGE_STANDARD = gnu17;
				GCC_NO_COMMON_BLOCKS = YES;
				GCC_WARN_64_TO_32_BIT_CONVERSION = YES;
				GCC_WARN_ABOUT_RETURN_TYPE = YES_ERROR;
				GCC_WARN_UNDECLARED_SELECTOR = YES;
				GCC_WARN_UNINITIALIZED_AUTOS = YES_AGGRESSIVE;
				GCC_WARN_UNUSED_FUNCTION = YES;
				GCC_WARN_UNUSED_VARIABLE = YES;
				IPHONEOS_DEPLOYMENT_TARGET = 18.2;
				LOCALIZATION_PREFERS_STRING_CATALOGS = YES;
				MTL_ENABLE_DEBUG_INFO = NO;
				MTL_FAST_MATH = YES;
				SDKROOT = iphoneos;
				SWIFT_COMPILATION_MODE = wholemodule;
				VALIDATE_PRODUCT = YES;
			};
			name = Release;
		};
		DB50B63D2D2A7769008EB3B3 /* Debug */ = {
			isa = XCBuildConfiguration;
			buildSettings = {
				ASSETCATALOG_COMPILER_APPICON_NAME = AppIcon;
				ASSETCATALOG_COMPILER_GLOBAL_ACCENT_COLOR_NAME = AccentColor;
				CODE_SIGN_STYLE = Automatic;
				CURRENT_PROJECT_VERSION = 1;
				DEVELOPMENT_ASSET_PATHS = "\"SP6/Preview Content\"";
				DEVELOPMENT_TEAM = 438T7YBU9N;
				ENABLE_PREVIEWS = YES;
				GENERATE_INFOPLIST_FILE = YES;
				INFOPLIST_KEY_CFBundleDisplayName = Matule;
				INFOPLIST_KEY_LSApplicationCategoryType = "public.app-category.shopping";
				INFOPLIST_KEY_UIApplicationSceneManifest_Generation = YES;
				INFOPLIST_KEY_UIApplicationSupportsIndirectInputEvents = YES;
				INFOPLIST_KEY_UILaunchScreen_Generation = YES;
				INFOPLIST_KEY_UILaunchStoryboardName = "Launch Screen";
				INFOPLIST_KEY_UISupportedInterfaceOrientations_iPad = "UIInterfaceOrientationPortrait UIInterfaceOrientationPortraitUpsideDown UIInterfaceOrientationLandscapeLeft UIInterfaceOrientationLandscapeRight";
				INFOPLIST_KEY_UISupportedInterfaceOrientations_iPhone = "UIInterfaceOrientationPortrait UIInterfaceOrientationLandscapeLeft UIInterfaceOrientationLandscapeRight";
				IPHONEOS_DEPLOYMENT_TARGET = 16.6;
				LD_RUNPATH_SEARCH_PATHS = (
					"$(inherited)",
					"@executable_path/Frameworks",
				);
				MARKETING_VERSION = 1.0;
				PRODUCT_BUNDLE_IDENTIFIER = e.mikhaylov.SP6;
				PRODUCT_NAME = "$(TARGET_NAME)";
				SWIFT_EMIT_LOC_STRINGS = YES;
				SWIFT_VERSION = 5.0;
				TARGETED_DEVICE_FAMILY = "1,2";
			};
			name = Debug;
		};
		DB50B63E2D2A7769008EB3B3 /* Release */ = {
			isa = XCBuildConfiguration;
			buildSettings = {
				ASSETCATALOG_COMPILER_APPICON_NAME = AppIcon;
				ASSETCATALOG_COMPILER_GLOBAL_ACCENT_COLOR_NAME = AccentColor;
				CODE_SIGN_STYLE = Automatic;
				CURRENT_PROJECT_VERSION = 1;
				DEVELOPMENT_ASSET_PATHS = "\"SP6/Preview Content\"";
				DEVELOPMENT_TEAM = 438T7YBU9N;
				ENABLE_PREVIEWS = YES;
				GENERATE_INFOPLIST_FILE = YES;
				INFOPLIST_KEY_CFBundleDisplayName = Matule;
				INFOPLIST_KEY_LSApplicationCategoryType = "public.app-category.shopping";
				INFOPLIST_KEY_UIApplicationSceneManifest_Generation = YES;
				INFOPLIST_KEY_UIApplicationSupportsIndirectInputEvents = YES;
				INFOPLIST_KEY_UILaunchScreen_Generation = YES;
				INFOPLIST_KEY_UILaunchStoryboardName = "Launch Screen";
				INFOPLIST_KEY_UISupportedInterfaceOrientations_iPad = "UIInterfaceOrientationPortrait UIInterfaceOrientationPortraitUpsideDown UIInterfaceOrientationLandscapeLeft UIInterfaceOrientationLandscapeRight";
				INFOPLIST_KEY_UISupportedInterfaceOrientations_iPhone = "UIInterfaceOrientationPortrait UIInterfaceOrientationLandscapeLeft UIInterfaceOrientationLandscapeRight";
				IPHONEOS_DEPLOYMENT_TARGET = 16.6;
				LD_RUNPATH_SEARCH_PATHS = (
					"$(inherited)",
					"@executable_path/Frameworks",
				);
				MARKETING_VERSION = 1.0;
				PRODUCT_BUNDLE_IDENTIFIER = e.mikhaylov.SP6;
				PRODUCT_NAME = "$(TARGET_NAME)";
				SWIFT_EMIT_LOC_STRINGS = YES;
				SWIFT_VERSION = 5.0;
				TARGETED_DEVICE_FAMILY = "1,2";
			};
			name = Release;
		};
		DB50B6402D2A7769008EB3B3 /* Debug */ = {
			isa = XCBuildConfiguration;
			buildSettings = {
				BUNDLE_LOADER = "$(TEST_HOST)";
				CODE_SIGN_STYLE = Automatic;
				CURRENT_PROJECT_VERSION = 1;
				DEVELOPMENT_TEAM = 438T7YBU9N;
				GENERATE_INFOPLIST_FILE = YES;
				IPHONEOS_DEPLOYMENT_TARGET = 18.2;
				MARKETING_VERSION = 1.0;
				PRODUCT_BUNDLE_IDENTIFIER = e.mikhaylov.SP6Tests;
				PRODUCT_NAME = "$(TARGET_NAME)";
				SWIFT_EMIT_LOC_STRINGS = NO;
				SWIFT_VERSION = 5.0;
				TARGETED_DEVICE_FAMILY = "1,2";
				TEST_HOST = "$(BUILT_PRODUCTS_DIR)/SP6.app/$(BUNDLE_EXECUTABLE_FOLDER_PATH)/SP6";
			};
			name = Debug;
		};
		DB50B6412D2A7769008EB3B3 /* Release */ = {
			isa = XCBuildConfiguration;
			buildSettings = {
				BUNDLE_LOADER = "$(TEST_HOST)";
				CODE_SIGN_STYLE = Automatic;
				CURRENT_PROJECT_VERSION = 1;
				DEVELOPMENT_TEAM = 438T7YBU9N;
				GENERATE_INFOPLIST_FILE = YES;
				IPHONEOS_DEPLOYMENT_TARGET = 18.2;
				MARKETING_VERSION = 1.0;
				PRODUCT_BUNDLE_IDENTIFIER = e.mikhaylov.SP6Tests;
				PRODUCT_NAME = "$(TARGET_NAME)";
				SWIFT_EMIT_LOC_STRINGS = NO;
				SWIFT_VERSION = 5.0;
				TARGETED_DEVICE_FAMILY = "1,2";
				TEST_HOST = "$(BUILT_PRODUCTS_DIR)/SP6.app/$(BUNDLE_EXECUTABLE_FOLDER_PATH)/SP6";
			};
			name = Release;
		};
		DB50B6432D2A7769008EB3B3 /* Debug */ = {
			isa = XCBuildConfiguration;
			buildSettings = {
				CODE_SIGN_STYLE = Automatic;
				CURRENT_PROJECT_VERSION = 1;
				DEVELOPMENT_TEAM = 438T7YBU9N;
				GENERATE_INFOPLIST_FILE = YES;
				MARKETING_VERSION = 1.0;
				PRODUCT_BUNDLE_IDENTIFIER = e.mikhaylov.SP6UITests;
				PRODUCT_NAME = "$(TARGET_NAME)";
				SWIFT_EMIT_LOC_STRINGS = NO;
				SWIFT_VERSION = 5.0;
				TARGETED_DEVICE_FAMILY = "1,2";
				TEST_TARGET_NAME = SP6;
			};
			name = Debug;
		};
		DB50B6442D2A7769008EB3B3 /* Release */ = {
			isa = XCBuildConfiguration;
			buildSettings = {
				CODE_SIGN_STYLE = Automatic;
				CURRENT_PROJECT_VERSION = 1;
				DEVELOPMENT_TEAM = 438T7YBU9N;
				GENERATE_INFOPLIST_FILE = YES;
				MARKETING_VERSION = 1.0;
				PRODUCT_BUNDLE_IDENTIFIER = e.mikhaylov.SP6UITests;
				PRODUCT_NAME = "$(TARGET_NAME)";
				SWIFT_EMIT_LOC_STRINGS = NO;
				SWIFT_VERSION = 5.0;
				TARGETED_DEVICE_FAMILY = "1,2";
				TEST_TARGET_NAME = SP6;
			};
			name = Release;
		};
/* End XCBuildConfiguration section */

/* Begin XCConfigurationList section */
		DB50B6132D2A7767008EB3B3 /* Build configuration list for PBXProject "SP6" */ = {
			isa = XCConfigurationList;
			buildConfigurations = (
				DB50B63A2D2A7769008EB3B3 /* Debug */,
				DB50B63B2D2A7769008EB3B3 /* Release */,
			);
			defaultConfigurationIsVisible = 0;
			defaultConfigurationName = Release;
		};
		DB50B63C2D2A7769008EB3B3 /* Build configuration list for PBXNativeTarget "SP6" */ = {
			isa = XCConfigurationList;
			buildConfigurations = (
				DB50B63D2D2A7769008EB3B3 /* Debug */,
				DB50B63E2D2A7769008EB3B3 /* Release */,
			);
			defaultConfigurationIsVisible = 0;
			defaultConfigurationName = Release;
		};
		DB50B63F2D2A7769008EB3B3 /* Build configuration list for PBXNativeTarget "SP6Tests" */ = {
			isa = XCConfigurationList;
			buildConfigurations = (
				DB50B6402D2A7769008EB3B3 /* Debug */,
				DB50B6412D2A7769008EB3B3 /* Release */,
			);
			defaultConfigurationIsVisible = 0;
			defaultConfigurationName = Release;
		};
		DB50B6422D2A7769008EB3B3 /* Build configuration list for PBXNativeTarget "SP6UITests" */ = {
			isa = XCConfigurationList;
			buildConfigurations = (
				DB50B6432D2A7769008EB3B3 /* Debug */,
				DB50B6442D2A7769008EB3B3 /* Release */,
			);
			defaultConfigurationIsVisible = 0;
			defaultConfigurationName = Release;
		};
/* End XCConfigurationList section */

/* Begin XCRemoteSwiftPackageReference section */
		DB50B6682D2A78B0008EB3B3 /* XCRemoteSwiftPackageReference "supabase-swift" */ = {
			isa = XCRemoteSwiftPackageReference;
			repositoryURL = "https://github.com/supabase/supabase-swift.git";
			requirement = {
				kind = upToNextMajorVersion;
				minimumVersion = 2.5.1;
			};
		};
		DB50B6932D2B115E008EB3B3 /* XCRemoteSwiftPackageReference "SwiftSVG" */ = {
			isa = XCRemoteSwiftPackageReference;
			repositoryURL = "https://github.com/mchoe/SwiftSVG.git";
			requirement = {
				branch = master;
				kind = branch;
			};
		};
/* End XCRemoteSwiftPackageReference section */

/* Begin XCSwiftPackageProductDependency section */
		DB50B6692D2A78B0008EB3B3 /* Auth */ = {
			isa = XCSwiftPackageProductDependency;
			package = DB50B6682D2A78B0008EB3B3 /* XCRemoteSwiftPackageReference "supabase-swift" */;
			productName = Auth;
		};
		DB50B66B2D2A78B0008EB3B3 /* Functions */ = {
			isa = XCSwiftPackageProductDependency;
			package = DB50B6682D2A78B0008EB3B3 /* XCRemoteSwiftPackageReference "supabase-swift" */;
			productName = Functions;
		};
		DB50B66D2D2A78B0008EB3B3 /* PostgREST */ = {
			isa = XCSwiftPackageProductDependency;
			package = DB50B6682D2A78B0008EB3B3 /* XCRemoteSwiftPackageReference "supabase-swift" */;
			productName = PostgREST;
		};
		DB50B66F2D2A78B0008EB3B3 /* Realtime */ = {
			isa = XCSwiftPackageProductDependency;
			package = DB50B6682D2A78B0008EB3B3 /* XCRemoteSwiftPackageReference "supabase-swift" */;
			productName = Realtime;
		};
		DB50B6712D2A78B0008EB3B3 /* Storage */ = {
			isa = XCSwiftPackageProductDependency;
			package = DB50B6682D2A78B0008EB3B3 /* XCRemoteSwiftPackageReference "supabase-swift" */;
			productName = Storage;
		};
		DB50B6732D2A78B0008EB3B3 /* Supabase */ = {
			isa = XCSwiftPackageProductDependency;
			package = DB50B6682D2A78B0008EB3B3 /* XCRemoteSwiftPackageReference "supabase-swift" */;
			productName = Supabase;
		};
		DB50B6942D2B115E008EB3B3 /* SwiftSVG */ = {
			isa = XCSwiftPackageProductDependency;
			package = DB50B6932D2B115E008EB3B3 /* XCRemoteSwiftPackageReference "SwiftSVG" */;
			productName = SwiftSVG;
		};
/* End XCSwiftPackageProductDependency section */
	};
	rootObject = DB50B6102D2A7767008EB3B3 /* Project object */;
}
